// !$*UTF8*$!
{
	archiveVersion = 1;
	classes = {
	};
	objectVersion = 77;
	objects = {

/* Begin PBXBuildFile section */
		25C3034A2F9D3EB20060A4C2 /* AppDelegate.swift in Sources */ = {isa = PBXBuildFile; fileRef = 25C303492F9D3EB20060A4C2 /* AppDelegate.swift */; };
		25C3034D2F9D3EB20060A4C2 /* Main.storyboard in Resources */ = {isa = PBXBuildFile; fileRef = 25C3034B2F9D3EB20060A4C2 /* Main.storyboard */; };
		25C3035E2F9D3EB20060A4C2 /* BewlyBewly Ave Mujica Extension.appex in Embed Foundation Extensions */ = {isa = PBXBuildFile; fileRef = 25C3035D2F9D3EB20060A4C2 /* BewlyBewly Ave Mujica Extension.appex */; settings = {ATTRIBUTES = (RemoveHeadersOnCopy, ); }; };
		25C303642F9D3EB20060A4C2 /* Main.html in Resources */ = {isa = PBXBuildFile; fileRef = 25C303282F9D3EB10060A4C2 /* Main.html */; };
		25C303662F9D3EB20060A4C2 /* Icon.png in Resources */ = {isa = PBXBuildFile; fileRef = 25C3032A2F9D3EB10060A4C2 /* Icon.png */; };
		25C303682F9D3EB20060A4C2 /* Style.css in Resources */ = {isa = PBXBuildFile; fileRef = 25C3032B2F9D3EB10060A4C2 /* Style.css */; };
		25C3036A2F9D3EB20060A4C2 /* Script.js in Resources */ = {isa = PBXBuildFile; fileRef = 25C3032C2F9D3EB10060A4C2 /* Script.js */; };
		25C3036C2F9D3EB20060A4C2 /* ViewController.swift in Sources */ = {isa = PBXBuildFile; fileRef = 25C3032D2F9D3EB10060A4C2 /* ViewController.swift */; };
		25C3036E2F9D3EB20060A4C2 /* Assets.xcassets in Resources */ = {isa = PBXBuildFile; fileRef = 25C3032E2F9D3EB10060A4C2 /* Assets.xcassets */; };
		25C303702F9D3EB20060A4C2 /* SafariWebExtensionHandler.swift in Sources */ = {isa = PBXBuildFile; fileRef = 25C303302F9D3EB10060A4C2 /* SafariWebExtensionHandler.swift */; };
		25C303852F9D3EB20060A4C2 /* dist in Resources */ = {isa = PBXBuildFile; fileRef = 25C303822F9D3EB20060A4C2 /* dist */; };
		25C303862F9D3EB20060A4C2 /* manifest.json in Resources */ = {isa = PBXBuildFile; fileRef = 25C303832F9D3EB20060A4C2 /* manifest.json */; };
		25C303872F9D3EB20060A4C2 /* assets in Resources */ = {isa = PBXBuildFile; fileRef = 25C303842F9D3EB20060A4C2 /* assets */; };
/* End PBXBuildFile section */

/* Begin PBXContainerItemProxy section */
		25C3035F2F9D3EB20060A4C2 /* PBXContainerItemProxy */ = {
			isa = PBXContainerItemProxy;
			containerPortal = 25C303222F9D3EB10060A4C2 /* Project object */;
			proxyType = 1;
			remoteGlobalIDString = 25C3035C2F9D3EB20060A4C2;
			remoteInfo = "BewlyBewly Ave Mujica Extension (macOS)";
		};
/* End PBXContainerItemProxy section */

/* Begin PBXCopyFilesBuildPhase section */
		25C3037D2F9D3EB20060A4C2 /* Embed Foundation Extensions */ = {
			isa = PBXCopyFilesBuildPhase;
			buildActionMask = 2147483647;
			dstPath = "";
			dstSubfolderSpec = 13;
			files = (
				25C3035E2F9D3EB20060A4C2 /* BewlyBewly Ave Mujica Extension.appex in Embed Foundation Extensions */,
			);
			name = "Embed Foundation Extensions";
			runOnlyForDeploymentPostprocessing = 0;
		};
/* End PBXCopyFilesBuildPhase section */

/* Begin PBXFileReference section */
		25C303292F9D3EB10060A4C2 /* Base */ = {isa = PBXFileReference; lastKnownFileType = text.html; name = Base; path = Base.lproj/Main.html; sourceTree = "<group>"; };
		25C3032A2F9D3EB10060A4C2 /* Icon.png */ = {isa = PBXFileReference; lastKnownFileType = image.png; path = Icon.png; sourceTree = "<group>"; };
		25C3032B2F9D3EB10060A4C2 /* Style.css */ = {isa = PBXFileReference; lastKnownFileType = text.css; path = Style.css; sourceTree = "<group>"; };
		25C3032C2F9D3EB10060A4C2 /* Script.js */ = {isa = PBXFileReference; lastKnownFileType = sourcecode.javascript; path = Script.js; sourceTree = "<group>"; };
		25C3032D2F9D3EB10060A4C2 /* ViewController.swift */ = {isa = PBXFileReference; lastKnownFileType = sourcecode.swift; path = ViewController.swift; sourceTree = "<group>"; };
		25C3032E2F9D3EB10060A4C2 /* Assets.xcassets */ = {isa = PBXFileReference; lastKnownFileType = folder.assetcatalog; path = Assets.xcassets; sourceTree = "<group>"; };
		25C303302F9D3EB10060A4C2 /* SafariWebExtensionHandler.swift */ = {isa = PBXFileReference; lastKnownFileType = sourcecode.swift; path = SafariWebExtensionHandler.swift; sourceTree = "<group>"; };
		25C303472F9D3EB20060A4C2 /* BewlyBewly Ave Mujica.app */ = {isa = PBXFileReference; explicitFileType = wrapper.application; includeInIndex = 0; path = "BewlyBewly Ave Mujica.app"; sourceTree = BUILT_PRODUCTS_DIR; };
		25C303492F9D3EB20060A4C2 /* AppDelegate.swift */ = {isa = PBXFileReference; lastKnownFileType = sourcecode.swift; path = AppDelegate.swift; sourceTree = "<group>"; };
		25C3034C2F9D3EB20060A4C2 /* Base */ = {isa = PBXFileReference; lastKnownFileType = file.storyboard; name = Base; path = Base.lproj/Main.storyboard; sourceTree = "<group>"; };
		25C3034E2F9D3EB20060A4C2 /* Info.plist */ = {isa = PBXFileReference; lastKnownFileType = text.plist.xml; path = Info.plist; sourceTree = "<group>"; };
		25C3035D2F9D3EB20060A4C2 /* BewlyBewly Ave Mujica Extension.appex */ = {isa = PBXFileReference; explicitFileType = "wrapper.app-extension"; includeInIndex = 0; path = "BewlyBewly Ave Mujica Extension.appex"; sourceTree = BUILT_PRODUCTS_DIR; };
		25C303622F9D3EB20060A4C2 /* Info.plist */ = {isa = PBXFileReference; lastKnownFileType = text.plist.xml; path = Info.plist; sourceTree = "<group>"; };
		25C303822F9D3EB20060A4C2 /* dist */ = {isa = PBXFileReference; lastKnownFileType = folder; name = dist; path = ../../extension/dist; sourceTree = "<group>"; };
		25C303832F9D3EB20060A4C2 /* manifest.json */ = {isa = PBXFileReference; lastKnownFileType = text.json; name = manifest.json; path = ../../extension/manifest.json; sourceTree = "<group>"; };
		25C303842F9D3EB20060A4C2 /* assets */ = {isa = PBXFileReference; lastKnownFileType = folder; name = assets; path = ../../extension/assets; sourceTree = "<group>"; };
/* End PBXFileReference section */

/* Begin PBXFrameworksBuildPhase section */
		25C303442F9D3EB20060A4C2 /* Frameworks */ = {
			isa = PBXFrameworksBuildPhase;
			buildActionMask = 2147483647;
			files = (
			);
			runOnlyForDeploymentPostprocessing = 0;
		};
		25C3035A2F9D3EB20060A4C2 /* Frameworks */ = {
			isa = PBXFrameworksBuildPhase;
			buildActionMask = 2147483647;
			files = (
			);
			runOnlyForDeploymentPostprocessing = 0;
		};
/* End PBXFrameworksBuildPhase section */

/* Begin PBXGroup section */
		25C303212F9D3EB10060A4C2 = {
			isa = PBXGroup;
			children = (
				25C303262F9D3EB10060A4C2 /* Shared (App) */,
				25C3032F2F9D3EB10060A4C2 /* Shared (Extension) */,
				25C303482F9D3EB20060A4C2 /* macOS (App) */,
				25C303612F9D3EB20060A4C2 /* macOS (Extension) */,
				25C303362F9D3EB20060A4C2 /* Products */,
			);
			sourceTree = "<group>";
		};
		25C303262F9D3EB10060A4C2 /* Shared (App) */ = {
			isa = PBXGroup;
			children = (
				25C3032D2F9D3EB10060A4C2 /* ViewController.swift */,
				25C3032E2F9D3EB10060A4C2 /* Assets.xcassets */,
				25C303272F9D3EB10060A4C2 /* Resources */,
			);
			path = "Shared (App)";
			sourceTree = "<group>";
		};
		25C303272F9D3EB10060A4C2 /* Resources */ = {
			isa = PBXGroup;
			children = (
				25C303282F9D3EB10060A4C2 /* Main.html */,
				25C3032A2F9D3EB10060A4C2 /* Icon.png */,
				25C3032B2F9D3EB10060A4C2 /* Style.css */,
				25C3032C2F9D3EB10060A4C2 /* Script.js */,
			);
			path = Resources;
			sourceTree = "<group>";
		};
		25C3032F2F9D3EB10060A4C2 /* Shared (Extension) */ = {
			isa = PBXGroup;
			children = (
				25C303812F9D3EB20060A4C2 /* Resources */,
				25C303302F9D3EB10060A4C2 /* SafariWebExtensionHandler.swift */,
			);
			path = "Shared (Extension)";
			sourceTree = "<group>";
		};
		25C303362F9D3EB20060A4C2 /* Products */ = {
			isa = PBXGroup;
			children = (
				25C303472F9D3EB20060A4C2 /* BewlyBewly Ave Mujica.app */,
				25C3035D2F9D3EB20060A4C2 /* BewlyBewly Ave Mujica Extension.appex */,
			);
			name = Products;
			sourceTree = "<group>";
		};
		25C303482F9D3EB20060A4C2 /* macOS (App) */ = {
			isa = PBXGroup;
			children = (
				25C303492F9D3EB20060A4C2 /* AppDelegate.swift */,
				25C3034B2F9D3EB20060A4C2 /* Main.storyboard */,
				25C3034E2F9D3EB20060A4C2 /* Info.plist */,
			);
			path = "macOS (App)";
			sourceTree = "<group>";
		};
		25C303612F9D3EB20060A4C2 /* macOS (Extension) */ = {
			isa = PBXGroup;
			children = (
				25C303622F9D3EB20060A4C2 /* Info.plist */,
			);
			path = "macOS (Extension)";
			sourceTree = "<group>";
		};
		25C303812F9D3EB20060A4C2 /* Resources */ = {
			isa = PBXGroup;
			children = (
				25C303832F9D3EB20060A4C2 /* manifest.json */,
				25C303842F9D3EB20060A4C2 /* assets */,
				25C303822F9D3EB20060A4C2 /* dist */,
			);
			name = Resources;
			path = "Shared (Extension)";
			sourceTree = SOURCE_ROOT;
		};
/* End PBXGroup section */

/* Begin PBXNativeTarget section */
		25C303462F9D3EB20060A4C2 /* BewlyBewly Ave Mujica (macOS) */ = {
			isa = PBXNativeTarget;
			buildConfigurationList = 25C3037E2F9D3EB20060A4C2 /* Build configuration list for PBXNativeTarget "BewlyBewly Ave Mujica (macOS)" */;
			buildPhases = (
				25C303432F9D3EB20060A4C2 /* Sources */,
				25C303442F9D3EB20060A4C2 /* Frameworks */,
				25C303452F9D3EB20060A4C2 /* Resources */,
				25C3037D2F9D3EB20060A4C2 /* Embed Foundation Extensions */,
			);
			buildRules = (
			);
			dependencies = (
				25C303602F9D3EB20060A4C2 /* PBXTargetDependency */,
			);
			name = "BewlyBewly Ave Mujica (macOS)";
			packageProductDependencies = (
			);
			productName = "BewlyBewly Ave Mujica (macOS)";
			productReference = 25C303472F9D3EB20060A4C2 /* BewlyBewly Ave Mujica.app */;
			productType = "com.apple.product-type.application";
		};
		25C3035C2F9D3EB20060A4C2 /* BewlyBewly Ave Mujica Extension (macOS) */ = {
			isa = PBXNativeTarget;
			buildConfigurationList = 25C3037A2F9D3EB20060A4C2 /* Build configuration list for PBXNativeTarget "BewlyBewly Ave Mujica Extension (macOS)" */;
			buildPhases = (
				25C303592F9D3EB20060A4C2 /* Sources */,
				25C3035A2F9D3EB20060A4C2 /* Frameworks */,
				25C3035B2F9D3EB20060A4C2 /* Resources */,
			);
			buildRules = (
			);
			dependencies = (
			);
			name = "BewlyBewly Ave Mujica Extension (macOS)";
			packageProductDependencies = (
			);
			productName = "BewlyBewly Ave Mujica Extension (macOS)";
			productReference = 25C3035D2F9D3EB20060A4C2 /* BewlyBewly Ave Mujica Extension.appex */;
			productType = "com.apple.product-type.app-extension";
		};
/* End PBXNativeTarget section */

/* Begin PBXProject section */
		25C303222F9D3EB10060A4C2 /* Project object */ = {
			isa = PBXProject;
			attributes = {
				BuildIndependentTargetsInParallel = 1;
				LastSwiftUpdateCheck = 2640;
				LastUpgradeCheck = 2640;
				TargetAttributes = {
					25C303462F9D3EB20060A4C2 = {
						CreatedOnToolsVersion = 26.4.1;
					};
					25C3035C2F9D3EB20060A4C2 = {
						CreatedOnToolsVersion = 26.4.1;
					};
				};
			};
			buildConfigurationList = 25C303252F9D3EB10060A4C2 /* Build configuration list for PBXProject "BewlyBewly Ave Mujica" */;
			developmentRegion = en;
			hasScannedForEncodings = 0;
			knownRegions = (
				en,
				Base,
			);
			mainGroup = 25C303212F9D3EB10060A4C2;
			minimizedProjectReferenceProxies = 1;
			preferredProjectObjectVersion = 77;
			productRefGroup = 25C303362F9D3EB20060A4C2 /* Products */;
			projectDirPath = "";
			projectRoot = "";
			targets = (
				25C303462F9D3EB20060A4C2 /* BewlyBewly Ave Mujica (macOS) */,
				25C3035C2F9D3EB20060A4C2 /* BewlyBewly Ave Mujica Extension (macOS) */,
			);
		};
/* End PBXProject section */

/* Begin PBXResourcesBuildPhase section */
		25C303452F9D3EB20060A4C2 /* Resources */ = {
			isa = PBXResourcesBuildPhase;
			buildActionMask = 2147483647;
			files = (
				25C303662F9D3EB20060A4C2 /* Icon.png in Resources */,
				25C303682F9D3EB20060A4C2 /* Style.css in Resources */,
				25C3034D2F9D3EB20060A4C2 /* Main.storyboard in Resources */,
				25C3036A2F9D3EB20060A4C2 /* Script.js in Resources */,
				25C3036E2F9D3EB20060A4C2 /* Assets.xcassets in Resources */,
				25C303642F9D3EB20060A4C2 /* Main.html in Resources */,
			);
			runOnlyForDeploymentPostprocessing = 0;
		};
		25C3035B2F9D3EB20060A4C2 /* Resources */ = {
			isa = PBXResourcesBuildPhase;
			buildActionMask = 2147483647;
			files = (
				25C303872F9D3EB20060A4C2 /* assets in Resources */,
				25C303862F9D3EB20060A4C2 /* manifest.json in Resources */,
				25C303852F9D3EB20060A4C2 /* dist in Resources */,
			);
			runOnlyForDeploymentPostprocessing = 0;
		};
/* End PBXResourcesBuildPhase section */

/* Begin PBXSourcesBuildPhase section */
		25C303432F9D3EB20060A4C2 /* Sources */ = {
			isa = PBXSourcesBuildPhase;
			buildActionMask = 2147483647;
			files = (
				25C3036C2F9D3EB20060A4C2 /* ViewController.swift in Sources */,
				25C3034A2F9D3EB20060A4C2 /* AppDelegate.swift in Sources */,
			);
			runOnlyForDeploymentPostprocessing = 0;
		};
		25C303592F9D3EB20060A4C2 /* Sources */ = {
			isa = PBXSourcesBuildPhase;
			buildActionMask = 2147483647;
			files = (
				25C303702F9D3EB20060A4C2 /* SafariWebExtensionHandler.swift in Sources */,
			);
			runOnlyForDeploymentPostprocessing = 0;
		};
/* End PBXSourcesBuildPhase section */

/* Begin PBXTargetDependency section */
		25C303602F9D3EB20060A4C2 /* PBXTargetDependency */ = {
			isa = PBXTargetDependency;
			target = 25C3035C2F9D3EB20060A4C2 /* BewlyBewly Ave Mujica Extension (macOS) */;
			targetProxy = 25C3035F2F9D3EB20060A4C2 /* PBXContainerItemProxy */;
		};
/* End PBXTargetDependency section */

/* Begin PBXVariantGroup section */
		25C303282F9D3EB10060A4C2 /* Main.html */ = {
			isa = PBXVariantGroup;
			children = (
				25C303292F9D3EB10060A4C2 /* Base */,
			);
			name = Main.html;
			sourceTree = "<group>";
		};
		25C3034B2F9D3EB20060A4C2 /* Main.storyboard */ = {
			isa = PBXVariantGroup;
			children = (
				25C3034C2F9D3EB20060A4C2 /* Base */,
			);
			name = Main.storyboard;
			sourceTree = "<group>";
		};
/* End PBXVariantGroup section */

/* Begin XCBuildConfiguration section */
		25C303712F9D3EB20060A4C2 /* Debug */ = {
			isa = XCBuildConfiguration;
			buildSettings = {
				ALWAYS_SEARCH_USER_PATHS = NO;
				ASSETCATALOG_COMPILER_GENERATE_SWIFT_ASSET_SYMBOL_EXTENSIONS = YES;
				CLANG_ANALYZER_NONNULL = YES;
				CLANG_ANALYZER_NUMBER_OBJECT_CONVERSION = YES_AGGRESSIVE;
				CLANG_CXX_LANGUAGE_STANDARD = "gnu++20";
				CLANG_ENABLE_MODULES = YES;
				CLANG_ENABLE_OBJC_ARC = YES;
				CLANG_ENABLE_OBJC_WEAK = YES;
				CLANG_WARN_BLOCK_CAPTURE_AUTORELEASING = YES;
				CLANG_WARN_BOOL_CONVERSION = YES;
				CLANG_WARN_COMMA = YES;
				CLANG_WARN_CONSTANT_CONVERSION = YES;
				CLANG_WARN_DEPRECATED_OBJC_IMPLEMENTATIONS = YES;
				CLANG_WARN_DIRECT_OBJC_ISA_USAGE = YES_ERROR;
				CLANG_WARN_DOCUMENTATION_COMMENTS = YES;
				CLANG_WARN_EMPTY_BODY = YES;
				CLANG_WARN_ENUM_CONVERSION = YES;
				CLANG_WARN_INFINITE_RECURSION = YES;
				CLANG_WARN_INT_CONVERSION = YES;
				CLANG_WARN_NON_LITERAL_NULL_CONVERSION = YES;
				CLANG_WARN_OBJC_IMPLICIT_RETAIN_SELF = YES;
				CLANG_WARN_OBJC_LITERAL_CONVERSION = YES;
				CLANG_WARN_OBJC_ROOT_CLASS = YES_ERROR;
				CLANG_WARN_QUOTED_INCLUDE_IN_FRAMEWORK_HEADER = YES;
				CLANG_WARN_RANGE_LOOP_ANALYSIS = YES;
				CLANG_WARN_STRICT_PROTOTYPES = YES;
				CLANG_WARN_SUSPICIOUS_MOVE = YES;
				CLANG_WARN_UNGUARDED_AVAILABILITY = YES_AGGRESSIVE;
				CLANG_WARN_UNREACHABLE_CODE = YES;
				CLANG_WARN__DUPLICATE_METHOD_MATCH = YES;
				COPY_PHASE_STRIP = NO;
				DEBUG_INFORMATION_FORMAT = dwarf;
				ENABLE_STRICT_OBJC_MSGSEND = YES;
				ENABLE_TESTABILITY = YES;
				ENABLE_USER_SCRIPT_SANDBOXING = YES;
				GCC_C_LANGUAGE_STANDARD = gnu17;
				GCC_DYNAMIC_NO_PIC = NO;
				GCC_NO_COMMON_BLOCKS = YES;
				GCC_OPTIMIZATION_LEVEL = 0;
				GCC_PREPROCESSOR_DEFINITIONS = (
					"DEBUG=1",
					"$(inherited)",
				);
				GCC_WARN_64_TO_32_BIT_CONVERSION = YES;
				GCC_WARN_ABOUT_RETURN_TYPE = YES_ERROR;
				GCC_WARN_UNDECLARED_SELECTOR = YES;
				GCC_WARN_UNINITIALIZED_AUTOS = YES_AGGRESSIVE;
				GCC_WARN_UNUSED_FUNCTION = YES;
				GCC_WARN_UNUSED_VARIABLE = YES;
				LOCALIZATION_PREFERS_STRING_CATALOGS = YES;
				MTL_ENABLE_DEBUG_INFO = INCLUDE_SOURCE;
				MTL_FAST_MATH = YES;
				ONLY_ACTIVE_ARCH = YES;
				SWIFT_ACTIVE_COMPILATION_CONDITIONS = "DEBUG $(inherited)";
				SWIFT_OPTIMIZATION_LEVEL = "-Onone";
			};
			name = Debug;
		};
		25C303722F9D3EB20060A4C2 /* Release */ = {
			isa = XCBuildConfiguration;
			buildSettings = {
				ALWAYS_SEARCH_USER_PATHS = NO;
				ASSETCATALOG_COMPILER_GENERATE_SWIFT_ASSET_SYMBOL_EXTENSIONS = YES;
				CLANG_ANALYZER_NONNULL = YES;
				CLANG_ANALYZER_NUMBER_OBJECT_CONVERSION = YES_AGGRESSIVE;
				CLANG_CXX_LANGUAGE_STANDARD = "gnu++20";
				CLANG_ENABLE_MODULES = YES;
				CLANG_ENABLE_OBJC_ARC = YES;
				CLANG_ENABLE_OBJC_WEAK = YES;
				CLANG_WARN_BLOCK_CAPTURE_AUTORELEASING = YES;
				CLANG_WARN_BOOL_CONVERSION = YES;
				CLANG_WARN_COMMA = YES;
				CLANG_WARN_CONSTANT_CONVERSION = YES;
				CLANG_WARN_DEPRECATED_OBJC_IMPLEMENTATIONS = YES;
				CLANG_WARN_DIRECT_OBJC_ISA_USAGE = YES_ERROR;
				CLANG_WARN_DOCUMENTATION_COMMENTS = YES;
				CLANG_WARN_EMPTY_BODY = YES;
				CLANG_WARN_ENUM_CONVERSION = YES;
				CLANG_WARN_INFINITE_RECURSION = YES;
				CLANG_WARN_INT_CONVERSION = YES;
				CLANG_WARN_NON_LITERAL_NULL_CONVERSION = YES;
				CLANG_WARN_OBJC_IMPLICIT_RETAIN_SELF = YES;
				CLANG_WARN_OBJC_LITERAL_CONVERSION = YES;
				CLANG_WARN_OBJC_ROOT_CLASS = YES_ERROR;
				CLANG_WARN_QUOTED_INCLUDE_IN_FRAMEWORK_HEADER = YES;
				CLANG_WARN_RANGE_LOOP_ANALYSIS = YES;
				CLANG_WARN_STRICT_PROTOTYPES = YES;
				CLANG_WARN_SUSPICIOUS_MOVE = YES;
				CLANG_WARN_UNGUARDED_AVAILABILITY = YES_AGGRESSIVE;
				CLANG_WARN_UNREACHABLE_CODE = YES;
				CLANG_WARN__DUPLICATE_METHOD_MATCH = YES;
				COPY_PHASE_STRIP = NO;
				DEBUG_INFORMATION_FORMAT = "dwarf-with-dsym";
				ENABLE_NS_ASSERTIONS = NO;
				ENABLE_STRICT_OBJC_MSGSEND = YES;
				ENABLE_USER_SCRIPT_SANDBOXING = YES;
				GCC_C_LANGUAGE_STANDARD = gnu17;
				GCC_NO_COMMON_BLOCKS = YES;
				GCC_WARN_64_TO_32_BIT_CONVERSION = YES;
				GCC_WARN_ABOUT_RETURN_TYPE = YES_ERROR;
				GCC_WARN_UNDECLARED_SELECTOR = YES;
				GCC_WARN_UNINITIALIZED_AUTOS = YES_AGGRESSIVE;
				GCC_WARN_UNUSED_FUNCTION = YES;
				GCC_WARN_UNUSED_VARIABLE = YES;
				LOCALIZATION_PREFERS_STRING_CATALOGS = YES;
				MTL_ENABLE_DEBUG_INFO = NO;
				MTL_FAST_MATH = YES;
				SWIFT_COMPILATION_MODE = wholemodule;
			};
			name = Release;
		};
		25C3037B2F9D3EB20060A4C2 /* Debug */ = {
			isa = XCBuildConfiguration;
			buildSettings = {
				CODE_SIGN_STYLE = Automatic;
				CURRENT_PROJECT_VERSION = 1;
				DEVELOPMENT_TEAM = T23546NDV4;
				ENABLE_APP_SANDBOX = YES;
				ENABLE_HARDENED_RUNTIME = YES;
				ENABLE_USER_SELECTED_FILES = readonly;
				GENERATE_INFOPLIST_FILE = YES;
				INFOPLIST_FILE = "macOS (Extension)/Info.plist";
				INFOPLIST_KEY_CFBundleDisplayName = "BewlyBewly Ave Mujica Extension";
				INFOPLIST_KEY_NSHumanReadableCopyright = "";
				LD_RUNPATH_SEARCH_PATHS = (
					"$(inherited)",
					"@executable_path/../Frameworks",
					"@executable_path/../../../../Frameworks",
				);
				MACOSX_DEPLOYMENT_TARGET = 10.14;
				MARKETING_VERSION = 1.0;
				OTHER_LDFLAGS = (
					"-framework",
					SafariServices,
				);
				PRODUCT_BUNDLE_IDENTIFIER = com.sponge.bewlybewlyavemujica.extension.Extension;
				PRODUCT_NAME = "BewlyBewly Ave Mujica Extension";
				SDKROOT = macosx;
				SKIP_INSTALL = YES;
				STRING_CATALOG_GENERATE_SYMBOLS = YES;
				SWIFT_APPROACHABLE_CONCURRENCY = YES;
				SWIFT_EMIT_LOC_STRINGS = YES;
				SWIFT_UPCOMING_FEATURE_MEMBER_IMPORT_VISIBILITY = YES;
				SWIFT_VERSION = 5.0;
			};
			name = Debug;
		};
		25C3037C2F9D3EB20060A4C2 /* Release */ = {
			isa = XCBuildConfiguration;
			buildSettings = {
				CODE_SIGN_STYLE = Automatic;
				CURRENT_PROJECT_VERSION = 1;
				DEVELOPMENT_TEAM = T23546NDV4;
				ENABLE_APP_SANDBOX = YES;
				ENABLE_HARDENED_RUNTIME = YES;
				ENABLE_USER_SELECTED_FILES = readonly;
				GENERATE_INFOPLIST_FILE = YES;
				INFOPLIST_FILE = "macOS (Extension)/Info.plist";
				INFOPLIST_KEY_CFBundleDisplayName = "BewlyBewly Ave Mujica Extension";
				INFOPLIST_KEY_NSHumanReadableCopyright = "";
				LD_RUNPATH_SEARCH_PATHS = (
					"$(inherited)",
					"@executable_path/../Frameworks",
					"@executable_path/../../../../Frameworks",
				);
				MACOSX_DEPLOYMENT_TARGET = 10.14;
				MARKETING_VERSION = 1.0;
				OTHER_LDFLAGS = (
					"-framework",
					SafariServices,
				);
				PRODUCT_BUNDLE_IDENTIFIER = com.sponge.bewlybewlyavemujica.extension.Extension;
				PRODUCT_NAME = "BewlyBewly Ave Mujica Extension";
				SDKROOT = macosx;
				SKIP_INSTALL = YES;
				STRING_CATALOG_GENERATE_SYMBOLS = YES;
				SWIFT_APPROACHABLE_CONCURRENCY = YES;
				SWIFT_EMIT_LOC_STRINGS = YES;
				SWIFT_UPCOMING_FEATURE_MEMBER_IMPORT_VISIBILITY = YES;
				SWIFT_VERSION = 5.0;
			};
			name = Release;
		};
		25C3037F2F9D3EB20060A4C2 /* Debug */ = {
			isa = XCBuildConfiguration;
			buildSettings = {
				ASSETCATALOG_COMPILER_APPICON_NAME = AppIcon;
				ASSETCATALOG_COMPILER_GLOBAL_ACCENT_COLOR_NAME = AccentColor;
				ASSETCATALOG_COMPILER_INCLUDE_ALL_APPICON_ASSETS = NO;
				CODE_SIGN_STYLE = Automatic;
				CURRENT_PROJECT_VERSION = 1;
				DEVELOPMENT_TEAM = T23546NDV4;
				ENABLE_APP_SANDBOX = YES;
				ENABLE_HARDENED_RUNTIME = YES;
				ENABLE_OUTGOING_NETWORK_CONNECTIONS = YES;
				ENABLE_USER_SELECTED_FILES = readonly;
				GENERATE_INFOPLIST_FILE = YES;
				INFOPLIST_FILE = "macOS (App)/Info.plist";
				INFOPLIST_KEY_CFBundleDisplayName = "BewlyBewly Ave Mujica";
				INFOPLIST_KEY_LSApplicationCategoryType = "public.app-category.entertainment";
				INFOPLIST_KEY_NSMainStoryboardFile = Main;
				INFOPLIST_KEY_NSPrincipalClass = NSApplication;
				LD_RUNPATH_SEARCH_PATHS = (
					"$(inherited)",
					"@executable_path/../Frameworks",
				);
				MACOSX_DEPLOYMENT_TARGET = 10.14;
				MARKETING_VERSION = 1.0;
				OTHER_LDFLAGS = (
					"-framework",
					SafariServices,
					"-framework",
					WebKit,
				);
				PRODUCT_BUNDLE_IDENTIFIER = com.sponge.bewlybewlyavemujica.extension;
				PRODUCT_NAME = "BewlyBewly Ave Mujica";
				REGISTER_APP_GROUPS = YES;
				SDKROOT = macosx;
				STRING_CATALOG_GENERATE_SYMBOLS = YES;
				SWIFT_APPROACHABLE_CONCURRENCY = YES;
				SWIFT_DEFAULT_ACTOR_ISOLATION = MainActor;
				SWIFT_EMIT_LOC_STRINGS = YES;
				SWIFT_UPCOMING_FEATURE_MEMBER_IMPORT_VISIBILITY = YES;
				SWIFT_VERSION = 5.0;
			};
			name = Debug;
		};
		25C303802F9D3EB20060A4C2 /* Release */ = {
			isa = XCBuildConfiguration;
			buildSettings = {
				ASSETCATALOG_COMPILER_APPICON_NAME = AppIcon;
				ASSETCATALOG_COMPILER_GLOBAL_ACCENT_COLOR_NAME = AccentColor;
				ASSETCATALOG_COMPILER_INCLUDE_ALL_APPICON_ASSETS = NO;
				CODE_SIGN_STYLE = Automatic;
				CURRENT_PROJECT_VERSION = 1;
				DEVELOPMENT_TEAM = T23546NDV4;
				ENABLE_APP_SANDBOX = YES;
				ENABLE_HARDENED_RUNTIME = YES;
				ENABLE_OUTGOING_NETWORK_CONNECTIONS = YES;
				ENABLE_USER_SELECTED_FILES = readonly;
				GENERATE_INFOPLIST_FILE = YES;
				INFOPLIST_FILE = "macOS (App)/Info.plist";
				INFOPLIST_KEY_CFBundleDisplayName = "BewlyBewly Ave Mujica";
				INFOPLIST_KEY_LSApplicationCategoryType = "public.app-category.entertainment";
				INFOPLIST_KEY_NSMainStoryboardFile = Main;
				INFOPLIST_KEY_NSPrincipalClass = NSApplication;
				LD_RUNPATH_SEARCH_PATHS = (
					"$(inherited)",
					"@executable_path/../Frameworks",
				);
				MACOSX_DEPLOYMENT_TARGET = 10.14;
				MARKETING_VERSION = 1.0;
				OTHER_LDFLAGS = (
					"-framework",
					SafariServices,
					"-framework",
					WebKit,
				);
				PRODUCT_BUNDLE_IDENTIFIER = com.sponge.bewlybewlyavemujica.extension;
				PRODUCT_NAME = "BewlyBewly Ave Mujica";
				REGISTER_APP_GROUPS = YES;
				SDKROOT = macosx;
				STRING_CATALOG_GENERATE_SYMBOLS = YES;
				SWIFT_APPROACHABLE_CONCURRENCY = YES;
				SWIFT_DEFAULT_ACTOR_ISOLATION = MainActor;
				SWIFT_EMIT_LOC_STRINGS = YES;
				SWIFT_UPCOMING_FEATURE_MEMBER_IMPORT_VISIBILITY = YES;
				SWIFT_VERSION = 5.0;
			};
			name = Release;
		};
/* End XCBuildConfiguration section */

/* Begin XCConfigurationList section */
		25C303252F9D3EB10060A4C2 /* Build configuration list for PBXProject "BewlyBewly Ave Mujica" */ = {
			isa = XCConfigurationList;
			buildConfigurations = (
				25C303712F9D3EB20060A4C2 /* Debug */,
				25C303722F9D3EB20060A4C2 /* Release */,
			);
			defaultConfigurationIsVisible = 0;
			defaultConfigurationName = Release;
		};
		25C3037A2F9D3EB20060A4C2 /* Build configuration list for PBXNativeTarget "BewlyBewly Ave Mujica Extension (macOS)" */ = {
			isa = XCConfigurationList;
			buildConfigurations = (
				25C3037B2F9D3EB20060A4C2 /* Debug */,
				25C3037C2F9D3EB20060A4C2 /* Release */,
			);
			defaultConfigurationIsVisible = 0;
			defaultConfigurationName = Release;
		};
		25C3037E2F9D3EB20060A4C2 /* Build configuration list for PBXNativeTarget "BewlyBewly Ave Mujica (macOS)" */ = {
			isa = XCConfigurationList;
			buildConfigurations = (
				25C3037F2F9D3EB20060A4C2 /* Debug */,
				25C303802F9D3EB20060A4C2 /* Release */,
			);
			defaultConfigurationIsVisible = 0;
			defaultConfigurationName = Release;
		};
/* End XCConfigurationList section */
	};
	rootObject = 25C303222F9D3EB10060A4C2 /* Project object */;
}
